{
    "_meta": {
        "hash": {
            "sha256": "b10e5e4e5539f40d891b1c020a859559b7a5c51f0d68d370316fe9717dd4e077"
        },
        "pipfile-spec": 6,
        "requires": {
            "python_version": "3.10"
        },
        "sources": [
            {
                "name": "pypi",
                "url": "https://pypi.org/simple",
                "verify_ssl": true
            }
        ]
    },
    "default": {
        "asgiref": {
            "hashes": [
                "sha256:71e68008da809b957b7ee4b43dbccff33d1b23519fb8344e33f049897077afac",
                "sha256:9567dfe7bd8d3c8c892227827c41cce860b368104c3431da67a0c5a65a949506"
            ],
            "markers": "python_version >= '3.7'",
            "version": "==3.6.0"
        },
        "django": {
            "hashes": [
                "sha256:bceb0fe1a386781af0788cae4108622756cd05e7775448deec04a71ddf87685d",
                "sha256:c6fe7ebe7c017fe59f1029821dae0acb5a2ddcd6c9a0138fd20a8bfefac914bc"
            ],
            "index": "pypi",
            "version": "==4.1.6"
        },
        "django-phonenumber-field": {
            "extras": [
                "phonenumberslite"
            ],
            "hashes": [
                "sha256:9edad2b2602af25f2aefc73c4cf53eaf7abf9e17d73c1c4372bd3052bebb26f9",
                "sha256:de3e47b986b4959949762c16fd8fe26b3e462ef3e5531ed00950bd20c698576a"
            ],
            "index": "pypi",
            "version": "==7.0.2"
        },
        "phonenumberslite": {
            "hashes": [
                "sha256:61a9fcf4ce688fabcce8f566fe160dc2984299112ceaa306a18922e4e4d94745",
                "sha256:bceb85adeb84eb71bb3bd1afa5163633d513b9e836b486b86fd40df17dc3b074"
            ],
            "version": "==8.13.6"
        },
        "sqlparse": {
            "hashes": [
                "sha256:0323c0ec29cd52bceabc1b4d9d579e311f3e4961b98d174201d5622a23b85e34",
                "sha256:69ca804846bb114d2ec380e4360a8a340db83f0ccf3afceeb1404df028f57268"
            ],
            "markers": "python_version >= '3.5'",
            "version": "==0.4.3"
        }
    },
    "develop": {}
}
