{
    "_meta": {
        "hash": {
            "sha256": "662bbaa038686acf64f24df1d8649a4a43ebf958eca9f08ce79807354bebd60b"
        },
        "pipfile-spec": 6,
        "requires": {
            "python_version": "3.10"
        },
        "sources": [
            {
                "name": "pypi",
                "url": "https://pypi.org/simple",
                "verify_ssl": true
            }
        ]
    },
    "default": {
        "asgiref": {
            "hashes": [
                "sha256:71e68008da809b957b7ee4b43dbccff33d1b23519fb8344e33f049897077afac",
                "sha256:9567dfe7bd8d3c8c892227827c41cce860b368104c3431da67a0c5a65a949506"
            ],
            "markers": "python_version >= '3.7'",
            "version": "==3.6.0"
        },
        "django": {
            "hashes": [
                "sha256:44f714b81c5f190d9d2ddad01a532fe502fa01c4cb8faf1d081f4264ed15dcd8",
                "sha256:f2f431e75adc40039ace496ad3b9f17227022e8b11566f4b363da44c7e44761e"
            ],
            "index": "pypi",
            "version": "==4.1.7"
        },
        "django-filter": {
            "hashes": [
                "sha256:ed429e34760127e3520a67f415bec4c905d4649fbe45d0d6da37e6ff5e0287eb",
                "sha256:ed473b76e84f7e83b2511bb2050c3efb36d135207d0128dfe3ae4b36e3594ba5"
            ],
            "index": "pypi",
            "version": "==22.1"
        },
        "django-phonenumber-field": {
            "extras": [
                "phonenumberslite"
            ],
            "hashes": [
                "sha256:9edad2b2602af25f2aefc73c4cf53eaf7abf9e17d73c1c4372bd3052bebb26f9",
                "sha256:de3e47b986b4959949762c16fd8fe26b3e462ef3e5531ed00950bd20c698576a"
            ],
            "index": "pypi",
            "version": "==7.0.2"
        },
        "djangorestframework": {
            "hashes": [
                "sha256:579a333e6256b09489cbe0a067e66abe55c6595d8926be6b99423786334350c8",
                "sha256:eb63f58c9f218e1a7d064d17a70751f528ed4e1d35547fdade9aaf4cd103fd08"
            ],
            "index": "pypi",
            "version": "==3.14.0"
        },
        "gunicorn": {
            "hashes": [
                "sha256:9dcc4547dbb1cb284accfb15ab5667a0e5d1881cc443e0677b4882a4067a807e",
                "sha256:e0a968b5ba15f8a328fdfd7ab1fcb5af4470c28aaf7e55df02a99bc13138e6e8"
            ],
            "index": "pypi",
            "version": "==20.1.0"
        },
        "phonenumberslite": {
            "hashes": [
                "sha256:61a9fcf4ce688fabcce8f566fe160dc2984299112ceaa306a18922e4e4d94745",
                "sha256:bceb85adeb84eb71bb3bd1afa5163633d513b9e836b486b86fd40df17dc3b074"
            ],
            "version": "==8.13.6"
        },
        "python-decouple": {
            "hashes": [
                "sha256:1596dad2670cca5b1f87d087d9adb6a1958c590df346b85d4b19a9d6f0d52cef",
                "sha256:e88a8d6bdf3b07d471a854099e455e20a6fa7a4d6ecf8631b250e3db654336e6"
            ],
            "index": "pypi",
            "version": "==3.7"
        },
        "pytz": {
            "hashes": [
                "sha256:01a0681c4b9684a28304615eba55d1ab31ae00bf68ec157ec3708a8182dbbcd0",
                "sha256:78f4f37d8198e0627c5f1143240bb0206b8691d8d7ac6d78fee88b78733f8c4a"
            ],
            "version": "==2022.7.1"
        },
        "setuptools": {
            "hashes": [
                "sha256:9d3de8591bd6f6522594406fa46a6418eabd0562dacb267f8556675762801514",
                "sha256:ed4e75fafe103c79b692f217158ba87edf38d31004b9dbc1913debb48793c828"
            ],
            "markers": "python_version >= '3.7'",
            "version": "==67.3.3"
        },
        "sqlparse": {
            "hashes": [
                "sha256:0323c0ec29cd52bceabc1b4d9d579e311f3e4961b98d174201d5622a23b85e34",
                "sha256:69ca804846bb114d2ec380e4360a8a340db83f0ccf3afceeb1404df028f57268"
            ],
            "markers": "python_version >= '3.5'",
            "version": "==0.4.3"
        }
    },
    "develop": {}
}
